
Microsoft Visual Studio Solution File, Format Version 12.00
Project("{FAE04EC0-301F-11D3-BF4B-00C04F79EFBC}") = "evapi", "evapi\evapi.csproj", "{BA52F096-3CD0-4B05-8B21-2A23E5E4CA90}"
EndProject
Global
	GlobalSection(SolutionConfigurationPlatforms) = preSolution
		Debug|Any CPU = Debug|Any CPU
		Release|Any CPU = Release|Any CPU
	EndGlobalSection
	GlobalSection(ProjectConfigurationPlatforms) = postSolution
		{BA52F096-3CD0-4B05-8B21-2A23E5E4CA90}.Debug|Any CPU.ActiveCfg = Debug|Any CPU
		{BA52F096-3CD0-4B05-8B21-2A23E5E4CA90}.Debug|Any CPU.Build.0 = Debug|Any CPU
		{BA52F096-3CD0-4B05-8B21-2A23E5E4CA90}.Release|Any CPU.ActiveCfg = Release|Any CPU
		{BA52F096-3CD0-4B05-8B21-2A23E5E4CA90}.Release|Any CPU.Build.0 = Release|Any CPU
	EndGlobalSection
EndGlobal
